// !$*UTF8*$!
{
	archiveVersion = 1;
	classes = {
	};
	objectVersion = 46;
	objects = {

/* Begin PBXAggregateTarget section */
		0B5BCF301B79A729006F5703 /* Show Build Settings */ = {
			isa = PBXAggregateTarget;
			buildConfigurationList = 0B5BCF311B79A729006F5703 /* Build configuration list for PBXAggregateTarget "Show Build Settings" */;
			buildPhases = (
				0B5BCF341B79A736006F5703 /* ShellScript */,
			);
			dependencies = (
			);
			name = "Show Build Settings";
			productName = "Show Build Settings";
		};
/* End PBXAggregateTarget section */

/* Begin PBXBuildFile section */
		0B0A623B1BD51DB100B65C08 /* libGreeble.a in Frameworks */ = {isa = PBXBuildFile; fileRef = 0BB63ED61B79A427006F95A6 /* libGreeble.a */; };
		0B5BCF391B79ABDC006F5703 /* libLinAlg.a in Frameworks */ = {isa = PBXBuildFile; fileRef = 0BB63ECB1B79A223006F95A6 /* libLinAlg.a */; };
		0B5E92EE1BC9C048000AC79C /* Drawing.cpp in Sources */ = {isa = PBXBuildFile; fileRef = 0B5E92EC1BC9C048000AC79C /* Drawing.cpp */; settings = {ASSET_TAGS = (); }; };
		0B5E92F11BC9C71B000AC79C /* Constraint.cpp in Sources */ = {isa = PBXBuildFile; fileRef = 0B5E92EF1BC9C71B000AC79C /* Constraint.cpp */; settings = {ASSET_TAGS = (); }; };
		0B5E92F41BC9D986000AC79C /* Random.cpp in Sources */ = {isa = PBXBuildFile; fileRef = 0B5E92F21BC9D986000AC79C /* Random.cpp */; settings = {ASSET_TAGS = (); }; };
		0B5E92FF1BCB247C000AC79C /* main.cpp in Sources */ = {isa = PBXBuildFile; fileRef = 0B5E92FE1BCB247C000AC79C /* main.cpp */; };
		0BB63EE01B79A42D006F95A6 /* Rect.cpp in Sources */ = {isa = PBXBuildFile; fileRef = 0BB63ED11B79A376006F95A6 /* Rect.cpp */; };
/* End PBXBuildFile section */

/* Begin PBXContainerItemProxy section */
		0B5BCF361B79AB17006F5703 /* PBXContainerItemProxy */ = {
			isa = PBXContainerItemProxy;
			containerPortal = 0B20C9CF1B799E23003ABFEF /* LinAlg.xcodeproj */;
			proxyType = 1;
			remoteGlobalIDString = D2AAC045055464E500DB518D;
			remoteInfo = LinAlg;
		};
		0B5E92D81BC9BFA3000AC79C /* PBXContainerItemProxy */ = {
			isa = PBXContainerItemProxy;
			containerPortal = 0B5E92CE1BC9BFA3000AC79C /* Chipmunk7.xcodeproj */;
			proxyType = 2;
			remoteGlobalIDString = D3E5F0490AA32FDE004E361B;
			remoteInfo = ChipmunkDemo;
		};
		0B5E92DA1BC9BFA3000AC79C /* PBXContainerItemProxy */ = {
			isa = PBXContainerItemProxy;
			containerPortal = 0B5E92CE1BC9BFA3000AC79C /* Chipmunk7.xcodeproj */;
			proxyType = 2;
			remoteGlobalIDString = D34963BB0B56CAA300CAD239;
			remoteInfo = "Chipmunk-Mac";
		};
		0B5E92DC1BC9BFA3000AC79C /* PBXContainerItemProxy */ = {
			isa = PBXContainerItemProxy;
			containerPortal = 0B5E92CE1BC9BFA3000AC79C /* Chipmunk7.xcodeproj */;
			proxyType = 2;
			remoteGlobalIDString = D3C3787A11063B1B003EF1D9;
			remoteInfo = "Chipmunk-iOS";
		};
		0B5E92DE1BC9BFA3000AC79C /* PBXContainerItemProxy */ = {
			isa = PBXContainerItemProxy;
			containerPortal = 0B5E92CE1BC9BFA3000AC79C /* Chipmunk7.xcodeproj */;
			proxyType = 2;
			remoteGlobalIDString = D39ECD8617ED70D900319DBA;
			remoteInfo = "Benchmark iPhone";
		};
		0B5E92E01BC9BFA3000AC79C /* PBXContainerItemProxy */ = {
			isa = PBXContainerItemProxy;
			containerPortal = 0B5E92CE1BC9BFA3000AC79C /* Chipmunk7.xcodeproj */;
			proxyType = 2;
			remoteGlobalIDString = D333C5F018639A0500BBC4FF;
			remoteInfo = "ObjectiveChipmunk-Mac";
		};
		0B5E92E21BC9BFA3000AC79C /* PBXContainerItemProxy */ = {
			isa = PBXContainerItemProxy;
			containerPortal = 0B5E92CE1BC9BFA3000AC79C /* Chipmunk7.xcodeproj */;
			proxyType = 2;
			remoteGlobalIDString = D309B21317EFE2EF00AA52C8;
			remoteInfo = "ObjectiveChipmunk-iOS";
		};
		0B5E92E41BC9BFA3000AC79C /* PBXContainerItemProxy */ = {
			isa = PBXContainerItemProxy;
			containerPortal = 0B5E92CE1BC9BFA3000AC79C /* Chipmunk7.xcodeproj */;
			proxyType = 2;
			remoteGlobalIDString = D309B22017EFE2EF00AA52C8;
			remoteInfo = ObjectiveChipmunkTests;
		};
		0B5E92EA1BC9BFBD000AC79C /* PBXContainerItemProxy */ = {
			isa = PBXContainerItemProxy;
			containerPortal = 0B5E92CE1BC9BFA3000AC79C /* Chipmunk7.xcodeproj */;
			proxyType = 1;
			remoteGlobalIDString = D3C3787911063B1B003EF1D9;
			remoteInfo = "Chipmunk-iOS";
		};
		0B5E93031BCB2483000AC79C /* PBXContainerItemProxy */ = {
			isa = PBXContainerItemProxy;
			containerPortal = 0B8625531B77F19C0070F73A /* Project object */;
			proxyType = 1;
			remoteGlobalIDString = 0BB63ED51B79A427006F95A6;
			remoteInfo = Greeble;
		};
		0BB63EC81B79A223006F95A6 /* PBXContainerItemProxy */ = {
			isa = PBXContainerItemProxy;
			containerPortal = 0B20C9CF1B799E23003ABFEF /* LinAlg.xcodeproj */;
			proxyType = 2;
			remoteGlobalIDString = 0B08DA0E0DE8A59A005290ED;
			remoteInfo = generate;
		};
		0BB63ECA1B79A223006F95A6 /* PBXContainerItemProxy */ = {
			isa = PBXContainerItemProxy;
			containerPortal = 0B20C9CF1B799E23003ABFEF /* LinAlg.xcodeproj */;
			proxyType = 2;
			remoteGlobalIDString = D2AAC046055464E500DB518D;
			remoteInfo = LinAlg;
		};
		0BB63ECC1B79A223006F95A6 /* PBXContainerItemProxy */ = {
			isa = PBXContainerItemProxy;
			containerPortal = 0B20C9CF1B799E23003ABFEF /* LinAlg.xcodeproj */;
			proxyType = 2;
			remoteGlobalIDString = 0B666ADC0B6AD2F300E7DCBA;
			remoteInfo = run_tests;
		};
		0BB63ECE1B79A223006F95A6 /* PBXContainerItemProxy */ = {
			isa = PBXContainerItemProxy;
			containerPortal = 0B20C9CF1B799E23003ABFEF /* LinAlg.xcodeproj */;
			proxyType = 2;
			remoteGlobalIDString = 0BD3ADDD0B70E18000919B1B;
			remoteInfo = example;
		};
/* End PBXContainerItemProxy section */

/* Begin PBXCopyFilesBuildPhase section */
		0B5E92FA1BCB247C000AC79C /* CopyFiles */ = {
			isa = PBXCopyFilesBuildPhase;
			buildActionMask = 2147483647;
			dstPath = /usr/share/man/man1/;
			dstSubfolderSpec = 0;
			files = (
			);
			runOnlyForDeploymentPostprocessing = 1;
		};
		0BB63ED41B79A427006F95A6 /* CopyFiles */ = {
			isa = PBXCopyFilesBuildPhase;
			buildActionMask = 2147483647;
			dstPath = "include/$(PRODUCT_NAME)";
			dstSubfolderSpec = 16;
			files = (
			);
			runOnlyForDeploymentPostprocessing = 0;
		};
/* End PBXCopyFilesBuildPhase section */

/* Begin PBXFileReference section */
		0B20C9CF1B799E23003ABFEF /* LinAlg.xcodeproj */ = {isa = PBXFileReference; lastKnownFileType = "wrapper.pb-project"; name = LinAlg.xcodeproj; path = LinAlg/ide/XCode6/LinAlg.xcodeproj; sourceTree = "<group>"; };
		0B5BCF3B1B7CA13A006F5703 /* Types.h */ = {isa = PBXFileReference; lastKnownFileType = sourcecode.c.h; path = Types.h; sourceTree = "<group>"; };
		0B5E92CE1BC9BFA3000AC79C /* Chipmunk7.xcodeproj */ = {isa = PBXFileReference; lastKnownFileType = "wrapper.pb-project"; name = Chipmunk7.xcodeproj; path = Chipmunk2D/xcode/Chipmunk7.xcodeproj; sourceTree = "<group>"; };
		0B5E92EC1BC9C048000AC79C /* Drawing.cpp */ = {isa = PBXFileReference; fileEncoding = 4; lastKnownFileType = sourcecode.cpp.cpp; name = Drawing.cpp; path = ../Greeble/Drawing.cpp; sourceTree = "<group>"; };
		0B5E92ED1BC9C048000AC79C /* Drawing.h */ = {isa = PBXFileReference; fileEncoding = 4; lastKnownFileType = sourcecode.c.h; path = Drawing.h; sourceTree = "<group>"; };
		0B5E92EF1BC9C71B000AC79C /* Constraint.cpp */ = {isa = PBXFileReference; fileEncoding = 4; lastKnownFileType = sourcecode.cpp.cpp; name = Constraint.cpp; path = ../Greeble/Constraint.cpp; sourceTree = "<group>"; };
		0B5E92F01BC9C71B000AC79C /* Constraint.h */ = {isa = PBXFileReference; fileEncoding = 4; lastKnownFileType = sourcecode.c.h; path = Constraint.h; sourceTree = "<group>"; };
		0B5E92F21BC9D986000AC79C /* Random.cpp */ = {isa = PBXFileReference; fileEncoding = 4; lastKnownFileType = sourcecode.cpp.cpp; name = Random.cpp; path = ../Greeble/Random.cpp; sourceTree = "<group>"; };
		0B5E92F31BC9D986000AC79C /* Random.h */ = {isa = PBXFileReference; fileEncoding = 4; lastKnownFileType = sourcecode.c.h; path = Random.h; sourceTree = "<group>"; };
		0B5E92F61BCB1468000AC79C /* Annealing.h */ = {isa = PBXFileReference; fileEncoding = 4; lastKnownFileType = sourcecode.c.h; path = Annealing.h; sourceTree = "<group>"; };
		0B5E92FC1BCB247C000AC79C /* SimulatedAnnealingTest */ = {isa = PBXFileReference; explicitFileType = "compiled.mach-o.executable"; includeInIndex = 0; path = SimulatedAnnealingTest; sourceTree = BUILT_PRODUCTS_DIR; };
		0B5E92FE1BCB247C000AC79C /* main.cpp */ = {isa = PBXFileReference; lastKnownFileType = sourcecode.cpp.cpp; path = main.cpp; sourceTree = "<group>"; };
		0BB63ED01B79A24C006F95A6 /* Rect.h */ = {isa = PBXFileReference; lastKnownFileType = sourcecode.c.h; path = Rect.h; sourceTree = "<group>"; };
		0BB63ED11B79A376006F95A6 /* Rect.cpp */ = {isa = PBXFileReference; lastKnownFileType = sourcecode.cpp.cpp; path = Rect.cpp; sourceTree = "<group>"; };
		0BB63ED61B79A427006F95A6 /* libGreeble.a */ = {isa = PBXFileReference; explicitFileType = archive.ar; includeInIndex = 0; path = libGreeble.a; sourceTree = BUILT_PRODUCTS_DIR; };
/* End PBXFileReference section */

/* Begin PBXFrameworksBuildPhase section */
		0B5E92F91BCB247C000AC79C /* Frameworks */ = {
			isa = PBXFrameworksBuildPhase;
			buildActionMask = 2147483647;
			files = (
				0B0A623B1BD51DB100B65C08 /* libGreeble.a in Frameworks */,
			);
			runOnlyForDeploymentPostprocessing = 0;
		};
		0BB63ED31B79A427006F95A6 /* Frameworks */ = {
			isa = PBXFrameworksBuildPhase;
			buildActionMask = 2147483647;
			files = (
				0B5BCF391B79ABDC006F5703 /* libLinAlg.a in Frameworks */,
			);
			runOnlyForDeploymentPostprocessing = 0;
		};
/* End PBXFrameworksBuildPhase section */

/* Begin PBXGroup section */
		0B20C9CE1B799E0B003ABFEF /* External */ = {
			isa = PBXGroup;
			children = (
				0B5E92CE1BC9BFA3000AC79C /* Chipmunk7.xcodeproj */,
				0B20C9CF1B799E23003ABFEF /* LinAlg.xcodeproj */,
			);
			name = External;
			path = ext;
			sourceTree = "<group>";
		};
		0B20C9DF1B799E5B003ABFEF /* Public Headers */ = {
			isa = PBXGroup;
			children = (
				0B5E92F61BCB1468000AC79C /* Annealing.h */,
				0B5E92F01BC9C71B000AC79C /* Constraint.h */,
				0B5E92ED1BC9C048000AC79C /* Drawing.h */,
				0B5E92F31BC9D986000AC79C /* Random.h */,
				0BB63ED01B79A24C006F95A6 /* Rect.h */,
				0B5BCF3B1B7CA13A006F5703 /* Types.h */,
			);
			name = "Public Headers";
			path = Greeble;
			sourceTree = "<group>";
		};
		0B5E92CF1BC9BFA3000AC79C /* Products */ = {
			isa = PBXGroup;
			children = (
				0B5E92D91BC9BFA3000AC79C /* ChipmunkDemo.app */,
				0B5E92DB1BC9BFA3000AC79C /* libChipmunk-Mac.a */,
				0B5E92DD1BC9BFA3000AC79C /* libChipmunk-iOS.a */,
				0B5E92DF1BC9BFA3000AC79C /* Benchmark iPhone.app */,
				0B5E92E11BC9BFA3000AC79C /* libObjectiveChipmunk-Mac.a */,
				0B5E92E31BC9BFA3000AC79C /* libObjectiveChipmunk-iOS.a */,
				0B5E92E51BC9BFA3000AC79C /* ObjectiveChipmunkTests.xctest */,
			);
			name = Products;
			sourceTree = "<group>";
		};
		0B5E92FD1BCB247C000AC79C /* SimulatedAnnealingTest */ = {
			isa = PBXGroup;
			children = (
				0B5E92FE1BCB247C000AC79C /* main.cpp */,
			);
			path = SimulatedAnnealingTest;
			sourceTree = "<group>";
		};
		0B8625521B77F19C0070F73A = {
			isa = PBXGroup;
			children = (
				0B20C9DF1B799E5B003ABFEF /* Public Headers */,
				0BB63EC01B79A1EE006F95A6 /* Source */,
				0B20C9CE1B799E0B003ABFEF /* External */,
				0B5E92FD1BCB247C000AC79C /* SimulatedAnnealingTest */,
				0BB63ED71B79A427006F95A6 /* Products */,
			);
			sourceTree = "<group>";
		};
		0BB63EC01B79A1EE006F95A6 /* Source */ = {
			isa = PBXGroup;
			children = (
				0B5E92EF1BC9C71B000AC79C /* Constraint.cpp */,
				0B5E92EC1BC9C048000AC79C /* Drawing.cpp */,
				0B5E92F21BC9D986000AC79C /* Random.cpp */,
				0BB63ED11B79A376006F95A6 /* Rect.cpp */,
			);
			name = Source;
			path = src;
			sourceTree = "<group>";
		};
		0BB63EC11B79A223006F95A6 /* Products */ = {
			isa = PBXGroup;
			children = (
				0BB63EC91B79A223006F95A6 /* generate_headers */,
				0BB63ECB1B79A223006F95A6 /* libLinAlg.a */,
				0BB63ECD1B79A223006F95A6 /* run_tests */,
				0BB63ECF1B79A223006F95A6 /* example */,
			);
			name = Products;
			sourceTree = "<group>";
		};
		0BB63ED71B79A427006F95A6 /* Products */ = {
			isa = PBXGroup;
			children = (
				0BB63ED61B79A427006F95A6 /* libGreeble.a */,
				0B5E92FC1BCB247C000AC79C /* SimulatedAnnealingTest */,
			);
			name = Products;
			sourceTree = "<group>";
		};
/* End PBXGroup section */

/* Begin PBXNativeTarget section */
		0B5E92FB1BCB247C000AC79C /* SimulatedAnnealingTest */ = {
			isa = PBXNativeTarget;
			buildConfigurationList = 0B5E93001BCB247C000AC79C /* Build configuration list for PBXNativeTarget "SimulatedAnnealingTest" */;
			buildPhases = (
				0B5E92F81BCB247C000AC79C /* Sources */,
				0B5E92F91BCB247C000AC79C /* Frameworks */,
				0B5E92FA1BCB247C000AC79C /* CopyFiles */,
			);
			buildRules = (
			);
			dependencies = (
				0B5E93041BCB2483000AC79C /* PBXTargetDependency */,
			);
			name = SimulatedAnnealingTest;
			productName = SimulatedAnnealingTest;
			productReference = 0B5E92FC1BCB247C000AC79C /* SimulatedAnnealingTest */;
			productType = "com.apple.product-type.tool";
		};
		0BB63ED51B79A427006F95A6 /* Greeble */ = {
			isa = PBXNativeTarget;
			buildConfigurationList = 0BB63EDD1B79A427006F95A6 /* Build configuration list for PBXNativeTarget "Greeble" */;
			buildPhases = (
				0BB63ED21B79A427006F95A6 /* Sources */,
				0BB63ED31B79A427006F95A6 /* Frameworks */,
				0BB63ED41B79A427006F95A6 /* CopyFiles */,
			);
			buildRules = (
			);
			dependencies = (
				0B5E92EB1BC9BFBD000AC79C /* PBXTargetDependency */,
				0B5BCF371B79AB17006F5703 /* PBXTargetDependency */,
			);
			name = Greeble;
			productName = Greeble;
			productReference = 0BB63ED61B79A427006F95A6 /* libGreeble.a */;
			productType = "com.apple.product-type.library.static";
		};
/* End PBXNativeTarget section */

/* Begin PBXProject section */
		0B8625531B77F19C0070F73A /* Project object */ = {
			isa = PBXProject;
			attributes = {
				LastUpgradeCheck = 0640;
				TargetAttributes = {
					0B5BCF301B79A729006F5703 = {
						CreatedOnToolsVersion = 6.4;
					};
					0B5E92FB1BCB247C000AC79C = {
						CreatedOnToolsVersion = 7.0.1;
					};
					0BB63ED51B79A427006F95A6 = {
						CreatedOnToolsVersion = 7.0;
					};
				};
			};
			buildConfigurationList = 0B8625561B77F19C0070F73A /* Build configuration list for PBXProject "Greeble" */;
			compatibilityVersion = "Xcode 3.2";
			developmentRegion = English;
			hasScannedForEncodings = 0;
			knownRegions = (
				en,
			);
			mainGroup = 0B8625521B77F19C0070F73A;
			productRefGroup = 0BB63ED71B79A427006F95A6 /* Products */;
			projectDirPath = "";
			projectReferences = (
				{
					ProductGroup = 0B5E92CF1BC9BFA3000AC79C /* Products */;
					ProjectRef = 0B5E92CE1BC9BFA3000AC79C /* Chipmunk7.xcodeproj */;
				},
				{
					ProductGroup = 0BB63EC11B79A223006F95A6 /* Products */;
					ProjectRef = 0B20C9CF1B799E23003ABFEF /* LinAlg.xcodeproj */;
				},
			);
			projectRoot = "";
			targets = (
				0BB63ED51B79A427006F95A6 /* Greeble */,
				0B5BCF301B79A729006F5703 /* Show Build Settings */,
				0B5E92FB1BCB247C000AC79C /* SimulatedAnnealingTest */,
			);
		};
/* End PBXProject section */

/* Begin PBXReferenceProxy section */
		0B5E92D91BC9BFA3000AC79C /* ChipmunkDemo.app */ = {
			isa = PBXReferenceProxy;
			fileType = wrapper.application;
			path = ChipmunkDemo.app;
			remoteRef = 0B5E92D81BC9BFA3000AC79C /* PBXContainerItemProxy */;
			sourceTree = BUILT_PRODUCTS_DIR;
		};
		0B5E92DB1BC9BFA3000AC79C /* libChipmunk-Mac.a */ = {
			isa = PBXReferenceProxy;
			fileType = archive.ar;
			path = "libChipmunk-Mac.a";
			remoteRef = 0B5E92DA1BC9BFA3000AC79C /* PBXContainerItemProxy */;
			sourceTree = BUILT_PRODUCTS_DIR;
		};
		0B5E92DD1BC9BFA3000AC79C /* libChipmunk-iOS.a */ = {
			isa = PBXReferenceProxy;
			fileType = archive.ar;
			path = "libChipmunk-iOS.a";
			remoteRef = 0B5E92DC1BC9BFA3000AC79C /* PBXContainerItemProxy */;
			sourceTree = BUILT_PRODUCTS_DIR;
		};
		0B5E92DF1BC9BFA3000AC79C /* Benchmark iPhone.app */ = {
			isa = PBXReferenceProxy;
			fileType = wrapper.application;
			path = "Benchmark iPhone.app";
			remoteRef = 0B5E92DE1BC9BFA3000AC79C /* PBXContainerItemProxy */;
			sourceTree = BUILT_PRODUCTS_DIR;
		};
		0B5E92E11BC9BFA3000AC79C /* libObjectiveChipmunk-Mac.a */ = {
			isa = PBXReferenceProxy;
			fileType = archive.ar;
			path = "libObjectiveChipmunk-Mac.a";
			remoteRef = 0B5E92E01BC9BFA3000AC79C /* PBXContainerItemProxy */;
			sourceTree = BUILT_PRODUCTS_DIR;
		};
		0B5E92E31BC9BFA3000AC79C /* libObjectiveChipmunk-iOS.a */ = {
			isa = PBXReferenceProxy;
			fileType = archive.ar;
			path = "libObjectiveChipmunk-iOS.a";
			remoteRef = 0B5E92E21BC9BFA3000AC79C /* PBXContainerItemProxy */;
			sourceTree = BUILT_PRODUCTS_DIR;
		};
		0B5E92E51BC9BFA3000AC79C /* ObjectiveChipmunkTests.xctest */ = {
			isa = PBXReferenceProxy;
			fileType = wrapper.cfbundle;
			path = ObjectiveChipmunkTests.xctest;
			remoteRef = 0B5E92E41BC9BFA3000AC79C /* PBXContainerItemProxy */;
			sourceTree = BUILT_PRODUCTS_DIR;
		};
		0BB63EC91B79A223006F95A6 /* generate_headers */ = {
			isa = PBXReferenceProxy;
			fileType = "compiled.mach-o.executable";
			path = generate_headers;
			remoteRef = 0BB63EC81B79A223006F95A6 /* PBXContainerItemProxy */;
			sourceTree = BUILT_PRODUCTS_DIR;
		};
		0BB63ECB1B79A223006F95A6 /* libLinAlg.a */ = {
			isa = PBXReferenceProxy;
			fileType = archive.ar;
			path = libLinAlg.a;
			remoteRef = 0BB63ECA1B79A223006F95A6 /* PBXContainerItemProxy */;
			sourceTree = BUILT_PRODUCTS_DIR;
		};
		0BB63ECD1B79A223006F95A6 /* run_tests */ = {
			isa = PBXReferenceProxy;
			fileType = "compiled.mach-o.executable";
			path = run_tests;
			remoteRef = 0BB63ECC1B79A223006F95A6 /* PBXContainerItemProxy */;
			sourceTree = BUILT_PRODUCTS_DIR;
		};
		0BB63ECF1B79A223006F95A6 /* example */ = {
			isa = PBXReferenceProxy;
			fileType = "compiled.mach-o.executable";
			path = example;
			remoteRef = 0BB63ECE1B79A223006F95A6 /* PBXContainerItemProxy */;
			sourceTree = BUILT_PRODUCTS_DIR;
		};
/* End PBXReferenceProxy section */

/* Begin PBXShellScriptBuildPhase section */
		0B5BCF341B79A736006F5703 /* ShellScript */ = {
			isa = PBXShellScriptBuildPhase;
			buildActionMask = 2147483647;
			files = (
			);
			inputPaths = (
			);
			outputPaths = (
			);
			runOnlyForDeploymentPostprocessing = 0;
			shellPath = /bin/sh;
			shellScript = "echo ${SRCROOT}";
		};
/* End PBXShellScriptBuildPhase section */

/* Begin PBXSourcesBuildPhase section */
		0B5E92F81BCB247C000AC79C /* Sources */ = {
			isa = PBXSourcesBuildPhase;
			buildActionMask = 2147483647;
			files = (
				0B5E92FF1BCB247C000AC79C /* main.cpp in Sources */,
			);
			runOnlyForDeploymentPostprocessing = 0;
		};
		0BB63ED21B79A427006F95A6 /* Sources */ = {
			isa = PBXSourcesBuildPhase;
			buildActionMask = 2147483647;
			files = (
				0B5E92F41BC9D986000AC79C /* Random.cpp in Sources */,
				0B5E92EE1BC9C048000AC79C /* Drawing.cpp in Sources */,
				0B5E92F11BC9C71B000AC79C /* Constraint.cpp in Sources */,
				0BB63EE01B79A42D006F95A6 /* Rect.cpp in Sources */,
			);
			runOnlyForDeploymentPostprocessing = 0;
		};
/* End PBXSourcesBuildPhase section */

/* Begin PBXTargetDependency section */
		0B5BCF371B79AB17006F5703 /* PBXTargetDependency */ = {
			isa = PBXTargetDependency;
			name = LinAlg;
			targetProxy = 0B5BCF361B79AB17006F5703 /* PBXContainerItemProxy */;
		};
		0B5E92EB1BC9BFBD000AC79C /* PBXTargetDependency */ = {
			isa = PBXTargetDependency;
			name = "Chipmunk-iOS";
			targetProxy = 0B5E92EA1BC9BFBD000AC79C /* PBXContainerItemProxy */;
		};
		0B5E93041BCB2483000AC79C /* PBXTargetDependency */ = {
			isa = PBXTargetDependency;
			target = 0BB63ED51B79A427006F95A6 /* Greeble */;
			targetProxy = 0B5E93031BCB2483000AC79C /* PBXContainerItemProxy */;
		};
/* End PBXTargetDependency section */

/* Begin XCBuildConfiguration section */
		0B5BCF321B79A729006F5703 /* Debug */ = {
			isa = XCBuildConfiguration;
			buildSettings = {
				PRODUCT_NAME = "$(TARGET_NAME)";
			};
			name = Debug;
		};
		0B5BCF331B79A729006F5703 /* Release */ = {
			isa = XCBuildConfiguration;
			buildSettings = {
				PRODUCT_NAME = "$(TARGET_NAME)";
			};
			name = Release;
		};
		0B5E93011BCB247C000AC79C /* Debug */ = {
			isa = XCBuildConfiguration;
			buildSettings = {
				ALWAYS_SEARCH_USER_PATHS = NO;
				CLANG_CXX_LANGUAGE_STANDARD = "gnu++0x";
				CLANG_CXX_LIBRARY = "libc++";
				CLANG_ENABLE_MODULES = YES;
				CLANG_ENABLE_OBJC_ARC = YES;
				CLANG_WARN_BOOL_CONVERSION = YES;
				CLANG_WARN_CONSTANT_CONVERSION = YES;
				CLANG_WARN_DIRECT_OBJC_ISA_USAGE = YES_ERROR;
				CLANG_WARN_EMPTY_BODY = YES;
				CLANG_WARN_ENUM_CONVERSION = YES;
				CLANG_WARN_INT_CONVERSION = YES;
				CLANG_WARN_OBJC_ROOT_CLASS = YES_ERROR;
				CLANG_WARN_UNREACHABLE_CODE = YES;
				CLANG_WARN__DUPLICATE_METHOD_MATCH = YES;
				COPY_PHASE_STRIP = NO;
				DEBUG_INFORMATION_FORMAT = dwarf;
				ENABLE_STRICT_OBJC_MSGSEND = YES;
				ENABLE_TESTABILITY = YES;
				GCC_C_LANGUAGE_STANDARD = gnu99;
				GCC_DYNAMIC_NO_PIC = NO;
				GCC_NO_COMMON_BLOCKS = YES;
				GCC_OPTIMIZATION_LEVEL = 0;
				GCC_PREPROCESSOR_DEFINITIONS = (
					"DEBUG=1",
					"$(inherited)",
				);
				GCC_WARN_64_TO_32_BIT_CONVERSION = YES;
				GCC_WARN_ABOUT_RETURN_TYPE = YES_ERROR;
				GCC_WARN_UNDECLARED_SELECTOR = YES;
				GCC_WARN_UNINITIALIZED_AUTOS = YES_AGGRESSIVE;
				GCC_WARN_UNUSED_FUNCTION = YES;
				GCC_WARN_UNUSED_VARIABLE = YES;
				MACOSX_DEPLOYMENT_TARGET = 10.11;
				MTL_ENABLE_DEBUG_INFO = YES;
				ONLY_ACTIVE_ARCH = YES;
				PRODUCT_NAME = "$(TARGET_NAME)";
				SDKROOT = macosx;
			};
			name = Debug;
		};
		0B5E93021BCB247C000AC79C /* Release */ = {
			isa = XCBuildConfiguration;
			buildSettings = {
				ALWAYS_SEARCH_USER_PATHS = NO;
				CLANG_CXX_LANGUAGE_STANDARD = "gnu++0x";
				CLANG_CXX_LIBRARY = "libc++";
				CLANG_ENABLE_MODULES = YES;
				CLANG_ENABLE_OBJC_ARC = YES;
				CLANG_WARN_BOOL_CONVERSION = YES;
				CLANG_WARN_CONSTANT_CONVERSION = YES;
				CLANG_WARN_DIRECT_OBJC_ISA_USAGE = YES_ERROR;
				CLANG_WARN_EMPTY_BODY = YES;
				CLANG_WARN_ENUM_CONVERSION = YES;
				CLANG_WARN_INT_CONVERSION = YES;
				CLANG_WARN_OBJC_ROOT_CLASS = YES_ERROR;
				CLANG_WARN_UNREACHABLE_CODE = YES;
				CLANG_WARN__DUPLICATE_METHOD_MATCH = YES;
				COPY_PHASE_STRIP = NO;
				DEBUG_INFORMATION_FORMAT = "dwarf-with-dsym";
				ENABLE_NS_ASSERTIONS = NO;
				ENABLE_STRICT_OBJC_MSGSEND = YES;
				GCC_C_LANGUAGE_STANDARD = gnu99;
				GCC_NO_COMMON_BLOCKS = YES;
				GCC_WARN_64_TO_32_BIT_CONVERSION = YES;
				GCC_WARN_ABOUT_RETURN_TYPE = YES_ERROR;
				GCC_WARN_UNDECLARED_SELECTOR = YES;
				GCC_WARN_UNINITIALIZED_AUTOS = YES_AGGRESSIVE;
				GCC_WARN_UNUSED_FUNCTION = YES;
				GCC_WARN_UNUSED_VARIABLE = YES;
				MACOSX_DEPLOYMENT_TARGET = 10.11;
				MTL_ENABLE_DEBUG_INFO = NO;
				PRODUCT_NAME = "$(TARGET_NAME)";
				SDKROOT = macosx;
			};
			name = Release;
		};
		0B8625571B77F19C0070F73A /* Debug */ = {
			isa = XCBuildConfiguration;
			buildSettings = {
				HEADER_SEARCH_PATHS = (
					"$(SRCROOT)",
					"$(SRCROOT)/ext/LinAlg/include",
				);
			};
			name = Debug;
		};
		0B8625581B77F19C0070F73A /* Release */ = {
			isa = XCBuildConfiguration;
			buildSettings = {
				HEADER_SEARCH_PATHS = (
					"$(SRCROOT)",
					"$(SRCROOT)/ext/LinAlg/include",
				);
			};
			name = Release;
		};
		0BB63EDE1B79A427006F95A6 /* Debug */ = {
			isa = XCBuildConfiguration;
			buildSettings = {
				ALWAYS_SEARCH_USER_PATHS = NO;
				CLANG_CXX_LANGUAGE_STANDARD = "gnu++0x";
				CLANG_CXX_LIBRARY = "libc++";
				CLANG_ENABLE_MODULES = YES;
				CLANG_ENABLE_OBJC_ARC = YES;
				CLANG_WARN_BOOL_CONVERSION = YES;
				CLANG_WARN_CONSTANT_CONVERSION = YES;
				CLANG_WARN_DIRECT_OBJC_ISA_USAGE = YES_ERROR;
				CLANG_WARN_EMPTY_BODY = YES;
				CLANG_WARN_ENUM_CONVERSION = YES;
				CLANG_WARN_INT_CONVERSION = YES;
				CLANG_WARN_OBJC_ROOT_CLASS = YES_ERROR;
				CLANG_WARN_UNREACHABLE_CODE = YES;
				CLANG_WARN__DUPLICATE_METHOD_MATCH = YES;
				COPY_PHASE_STRIP = NO;
				DEBUG_INFORMATION_FORMAT = dwarf;
				ENABLE_STRICT_OBJC_MSGSEND = YES;
				ENABLE_TESTABILITY = YES;
				GCC_C_LANGUAGE_STANDARD = gnu99;
				GCC_DYNAMIC_NO_PIC = NO;
				GCC_NO_COMMON_BLOCKS = YES;
				GCC_OPTIMIZATION_LEVEL = 0;
				GCC_PREPROCESSOR_DEFINITIONS = (
					"DEBUG=1",
					"$(inherited)",
				);
				GCC_WARN_64_TO_32_BIT_CONVERSION = YES;
				GCC_WARN_ABOUT_RETURN_TYPE = YES_ERROR;
				GCC_WARN_UNDECLARED_SELECTOR = YES;
				GCC_WARN_UNINITIALIZED_AUTOS = YES_AGGRESSIVE;
				GCC_WARN_UNUSED_FUNCTION = YES;
				GCC_WARN_UNUSED_VARIABLE = YES;
				HEADER_SEARCH_PATHS = (
					"$(inherited)",
					/Applications/Xcode.app/Contents/Developer/Toolchains/XcodeDefault.xctoolchain/usr/include,
					"$(SRCROOT)",
					"$(SRCROOT)/ext/LinAlg/include",
				);
				MTL_ENABLE_DEBUG_INFO = YES;
				ONLY_ACTIVE_ARCH = YES;
				OTHER_LDFLAGS = "-ObjC";
				PRODUCT_NAME = "$(TARGET_NAME)";
				SDKROOT = macosx;
				SKIP_INSTALL = YES;
			};
			name = Debug;
		};
		0BB63EDF1B79A427006F95A6 /* Release */ = {
			isa = XCBuildConfiguration;
			buildSettings = {
				ALWAYS_SEARCH_USER_PATHS = NO;
				CLANG_CXX_LANGUAGE_STANDARD = "gnu++0x";
				CLANG_CXX_LIBRARY = "libc++";
				CLANG_ENABLE_MODULES = YES;
				CLANG_ENABLE_OBJC_ARC = YES;
				CLANG_WARN_BOOL_CONVERSION = YES;
				CLANG_WARN_CONSTANT_CONVERSION = YES;
				CLANG_WARN_DIRECT_OBJC_ISA_USAGE = YES_ERROR;
				CLANG_WARN_EMPTY_BODY = YES;
				CLANG_WARN_ENUM_CONVERSION = YES;
				CLANG_WARN_INT_CONVERSION = YES;
				CLANG_WARN_OBJC_ROOT_CLASS = YES_ERROR;
				CLANG_WARN_UNREACHABLE_CODE = YES;
				CLANG_WARN__DUPLICATE_METHOD_MATCH = YES;
				COPY_PHASE_STRIP = NO;
				DEBUG_INFORMATION_FORMAT = "dwarf-with-dsym";
				ENABLE_NS_ASSERTIONS = NO;
				ENABLE_STRICT_OBJC_MSGSEND = YES;
				GCC_C_LANGUAGE_STANDARD = gnu99;
				GCC_NO_COMMON_BLOCKS = YES;
				GCC_WARN_64_TO_32_BIT_CONVERSION = YES;
				GCC_WARN_ABOUT_RETURN_TYPE = YES_ERROR;
				GCC_WARN_UNDECLARED_SELECTOR = YES;
				GCC_WARN_UNINITIALIZED_AUTOS = YES_AGGRESSIVE;
				GCC_WARN_UNUSED_FUNCTION = YES;
				GCC_WARN_UNUSED_VARIABLE = YES;
				HEADER_SEARCH_PATHS = (
					"$(inherited)",
					/Applications/Xcode.app/Contents/Developer/Toolchains/XcodeDefault.xctoolchain/usr/include,
					"$(SRCROOT)",
					"$(SRCROOT)/ext/LinAlg/include",
				);
				MTL_ENABLE_DEBUG_INFO = NO;
				OTHER_LDFLAGS = "-ObjC";
				PRODUCT_NAME = "$(TARGET_NAME)";
				SDKROOT = macosx;
				SKIP_INSTALL = YES;
				VALIDATE_PRODUCT = YES;
			};
			name = Release;
		};
/* End XCBuildConfiguration section */

/* Begin XCConfigurationList section */
		0B5BCF311B79A729006F5703 /* Build configuration list for PBXAggregateTarget "Show Build Settings" */ = {
			isa = XCConfigurationList;
			buildConfigurations = (
				0B5BCF321B79A729006F5703 /* Debug */,
				0B5BCF331B79A729006F5703 /* Release */,
			);
			defaultConfigurationIsVisible = 0;
			defaultConfigurationName = Release;
		};
		0B5E93001BCB247C000AC79C /* Build configuration list for PBXNativeTarget "SimulatedAnnealingTest" */ = {
			isa = XCConfigurationList;
			buildConfigurations = (
				0B5E93011BCB247C000AC79C /* Debug */,
				0B5E93021BCB247C000AC79C /* Release */,
			);
			defaultConfigurationIsVisible = 0;
			defaultConfigurationName = Release;
		};
		0B8625561B77F19C0070F73A /* Build configuration list for PBXProject "Greeble" */ = {
			isa = XCConfigurationList;
			buildConfigurations = (
				0B8625571B77F19C0070F73A /* Debug */,
				0B8625581B77F19C0070F73A /* Release */,
			);
			defaultConfigurationIsVisible = 0;
			defaultConfigurationName = Release;
		};
		0BB63EDD1B79A427006F95A6 /* Build configuration list for PBXNativeTarget "Greeble" */ = {
			isa = XCConfigurationList;
			buildConfigurations = (
				0BB63EDE1B79A427006F95A6 /* Debug */,
				0BB63EDF1B79A427006F95A6 /* Release */,
			);
			defaultConfigurationIsVisible = 0;
			defaultConfigurationName = Release;
		};
/* End XCConfigurationList section */
	};
	rootObject = 0B8625531B77F19C0070F73A /* Project object */;
}
